
Microsoft Visual Studio Solution File, Format Version 12.00
# Visual Studio Version 17
VisualStudioVersion = 17.4.33213.308
MinimumVisualStudioVersion = 10.0.40219.1
Project("{FAE04EC0-301F-11D3-BF4B-00C04F79EFBC}") = "FirstWCF.WebService", "FirstWCF.WebService\FirstWCF.WebService.csproj", "{89542F80-27B1-45CB-ADF0-9E9BFC87EF58}"
EndProject
Global
	GlobalSection(SolutionConfigurationPlatforms) = preSolution
		Debug|Any CPU = Debug|Any CPU
		Release|Any CPU = Release|Any CPU
	EndGlobalSection
	GlobalSection(ProjectConfigurationPlatforms) = postSolution
		{89542F80-27B1-45CB-ADF0-9E9BFC87EF58}.Debug|Any CPU.ActiveCfg = Debug|Any CPU
		{89542F80-27B1-45CB-ADF0-9E9BFC87EF58}.Debug|Any CPU.Build.0 = Debug|Any CPU
		{89542F80-27B1-45CB-ADF0-9E9BFC87EF58}.Release|Any CPU.ActiveCfg = Release|Any CPU
		{89542F80-27B1-45CB-ADF0-9E9BFC87EF58}.Release|Any CPU.Build.0 = Release|Any CPU
	EndGlobalSection
	GlobalSection(SolutionProperties) = preSolution
		HideSolutionNode = FALSE
	EndGlobalSection
	GlobalSection(ExtensibilityGlobals) = postSolution
		SolutionGuid = {83B8368F-610C-40DF-B89E-A8E55C0C677B}
	EndGlobalSection
EndGlobal
