
Microsoft Visual Studio Solution File, Format Version 12.00
# Visual Studio Version 17
VisualStudioVersion = 17.5.33530.505
MinimumVisualStudioVersion = 10.0.40219.1
Project("{FAE04EC0-301F-11D3-BF4B-00C04F79EFBC}") = "ApiPoke", "ApiPoke\ApiPoke.csproj", "{4F41B142-FC26-4F6D-983E-478837F1F422}"
EndProject
Project("{2150E333-8FDC-42A3-9474-1A3956D46DE8}") = "01.Presentation", "01.Presentation", "{5D1F883B-917F-4A77-B90E-85B1FB7B8181}"
EndProject
Project("{2150E333-8FDC-42A3-9474-1A3956D46DE8}") = "02.Domain", "02.Domain", "{E5EA496C-56C6-4C55-ADB9-40BFBD3007AD}"
EndProject
Project("{2150E333-8FDC-42A3-9474-1A3956D46DE8}") = "03.Infraestructure", "03.Infraestructure", "{AE891887-D975-43EA-9FF5-E4A100E871AF}"
EndProject
Project("{FAE04EC0-301F-11D3-BF4B-00C04F79EFBC}") = "WebApi", "WebApi\WebApi.csproj", "{9697AB57-80FB-40B0-98E4-87F90B6EC7A6}"
EndProject
Global
	GlobalSection(SolutionConfigurationPlatforms) = preSolution
		Debug|Any CPU = Debug|Any CPU
		Release|Any CPU = Release|Any CPU
	EndGlobalSection
	GlobalSection(ProjectConfigurationPlatforms) = postSolution
		{4F41B142-FC26-4F6D-983E-478837F1F422}.Debug|Any CPU.ActiveCfg = Debug|Any CPU
		{4F41B142-FC26-4F6D-983E-478837F1F422}.Debug|Any CPU.Build.0 = Debug|Any CPU
		{4F41B142-FC26-4F6D-983E-478837F1F422}.Release|Any CPU.ActiveCfg = Release|Any CPU
		{4F41B142-FC26-4F6D-983E-478837F1F422}.Release|Any CPU.Build.0 = Release|Any CPU
		{9697AB57-80FB-40B0-98E4-87F90B6EC7A6}.Debug|Any CPU.ActiveCfg = Debug|Any CPU
		{9697AB57-80FB-40B0-98E4-87F90B6EC7A6}.Debug|Any CPU.Build.0 = Debug|Any CPU
		{9697AB57-80FB-40B0-98E4-87F90B6EC7A6}.Release|Any CPU.ActiveCfg = Release|Any CPU
		{9697AB57-80FB-40B0-98E4-87F90B6EC7A6}.Release|Any CPU.Build.0 = Release|Any CPU
	EndGlobalSection
	GlobalSection(SolutionProperties) = preSolution
		HideSolutionNode = FALSE
	EndGlobalSection
	GlobalSection(NestedProjects) = preSolution
		{9697AB57-80FB-40B0-98E4-87F90B6EC7A6} = {5D1F883B-917F-4A77-B90E-85B1FB7B8181}
	EndGlobalSection
	GlobalSection(ExtensibilityGlobals) = postSolution
		SolutionGuid = {27D51FBA-C211-47BF-AC45-91B5BB43E18A}
	EndGlobalSection
EndGlobal
