
Microsoft Visual Studio Solution File, Format Version 12.00
# Visual Studio Version 17
VisualStudioVersion = 17.5.33516.290
MinimumVisualStudioVersion = 10.0.40219.1
Project("{FAE04EC0-301F-11D3-BF4B-00C04F79EFBC}") = "SaveApp", "SaveApp\SaveApp.csproj", "{1D7D9E54-C699-4799-89D9-EA50C8D125EB}"
EndProject
Global
	GlobalSection(SolutionConfigurationPlatforms) = preSolution
		Debug|Any CPU = Debug|Any CPU
		Release|Any CPU = Release|Any CPU
	EndGlobalSection
	GlobalSection(ProjectConfigurationPlatforms) = postSolution
		{1D7D9E54-C699-4799-89D9-EA50C8D125EB}.Debug|Any CPU.ActiveCfg = Debug|Any CPU
		{1D7D9E54-C699-4799-89D9-EA50C8D125EB}.Debug|Any CPU.Build.0 = Debug|Any CPU
		{1D7D9E54-C699-4799-89D9-EA50C8D125EB}.Release|Any CPU.ActiveCfg = Release|Any CPU
		{1D7D9E54-C699-4799-89D9-EA50C8D125EB}.Release|Any CPU.Build.0 = Release|Any CPU
	EndGlobalSection
	GlobalSection(SolutionProperties) = preSolution
		HideSolutionNode = FALSE
	EndGlobalSection
	GlobalSection(ExtensibilityGlobals) = postSolution
		SolutionGuid = {B80C82C8-0069-4F0F-A8D3-0896C1CBC7DC}
	EndGlobalSection
EndGlobal
