
Microsoft Visual Studio Solution File, Format Version 12.00
# Visual Studio Version 17
VisualStudioVersion = 17.4.33213.308
MinimumVisualStudioVersion = 10.0.40219.1
Project("{FAE04EC0-301F-11D3-BF4B-00C04F79EFBC}") = "EFCodeFirst.WebApi", "EFCodeFirst.WebApi\EFCodeFirst.WebApi.csproj", "{BAE15C9F-66EE-462F-938B-6BD3CF3369A7}"
EndProject
Global
	GlobalSection(SolutionConfigurationPlatforms) = preSolution
		Debug|Any CPU = Debug|Any CPU
		Release|Any CPU = Release|Any CPU
	EndGlobalSection
	GlobalSection(ProjectConfigurationPlatforms) = postSolution
		{BAE15C9F-66EE-462F-938B-6BD3CF3369A7}.Debug|Any CPU.ActiveCfg = Debug|Any CPU
		{BAE15C9F-66EE-462F-938B-6BD3CF3369A7}.Debug|Any CPU.Build.0 = Debug|Any CPU
		{BAE15C9F-66EE-462F-938B-6BD3CF3369A7}.Release|Any CPU.ActiveCfg = Release|Any CPU
		{BAE15C9F-66EE-462F-938B-6BD3CF3369A7}.Release|Any CPU.Build.0 = Release|Any CPU
	EndGlobalSection
	GlobalSection(SolutionProperties) = preSolution
		HideSolutionNode = FALSE
	EndGlobalSection
	GlobalSection(ExtensibilityGlobals) = postSolution
		SolutionGuid = {9356EEFD-EEFF-4FE7-BE23-423A4E1E6A45}
	EndGlobalSection
EndGlobal
