
Microsoft Visual Studio Solution File, Format Version 12.00
# Visual Studio Version 17
VisualStudioVersion = 17.5.33516.290
MinimumVisualStudioVersion = 10.0.40219.1
Project("{FAE04EC0-301F-11D3-BF4B-00C04F79EFBC}") = "HandlerApp", "HandlerApp\HandlerApp.csproj", "{61E3135F-9527-44E6-8ADD-DF41F4F8D82C}"
EndProject
Global
	GlobalSection(SolutionConfigurationPlatforms) = preSolution
		Debug|Any CPU = Debug|Any CPU
		Release|Any CPU = Release|Any CPU
	EndGlobalSection
	GlobalSection(ProjectConfigurationPlatforms) = postSolution
		{61E3135F-9527-44E6-8ADD-DF41F4F8D82C}.Debug|Any CPU.ActiveCfg = Debug|Any CPU
		{61E3135F-9527-44E6-8ADD-DF41F4F8D82C}.Debug|Any CPU.Build.0 = Debug|Any CPU
		{61E3135F-9527-44E6-8ADD-DF41F4F8D82C}.Release|Any CPU.ActiveCfg = Release|Any CPU
		{61E3135F-9527-44E6-8ADD-DF41F4F8D82C}.Release|Any CPU.Build.0 = Release|Any CPU
	EndGlobalSection
	GlobalSection(SolutionProperties) = preSolution
		HideSolutionNode = FALSE
	EndGlobalSection
	GlobalSection(ExtensibilityGlobals) = postSolution
		SolutionGuid = {EC64E640-77A7-4A7C-B715-015A40AF2DD1}
	EndGlobalSection
EndGlobal
