
Microsoft Visual Studio Solution File, Format Version 12.00
# Visual Studio Version 17
VisualStudioVersion = 17.4.33213.308
MinimumVisualStudioVersion = 10.0.40219.1
Project("{FAE04EC0-301F-11D3-BF4B-00C04F79EFBC}") = "ClientWCF", "ClientWCF\ClientWCF.csproj", "{BBE3A42C-75A9-4F42-9F09-134CF3D6926B}"
EndProject
Global
	GlobalSection(SolutionConfigurationPlatforms) = preSolution
		Debug|Any CPU = Debug|Any CPU
		Release|Any CPU = Release|Any CPU
	EndGlobalSection
	GlobalSection(ProjectConfigurationPlatforms) = postSolution
		{BBE3A42C-75A9-4F42-9F09-134CF3D6926B}.Debug|Any CPU.ActiveCfg = Debug|Any CPU
		{BBE3A42C-75A9-4F42-9F09-134CF3D6926B}.Debug|Any CPU.Build.0 = Debug|Any CPU
		{BBE3A42C-75A9-4F42-9F09-134CF3D6926B}.Release|Any CPU.ActiveCfg = Release|Any CPU
		{BBE3A42C-75A9-4F42-9F09-134CF3D6926B}.Release|Any CPU.Build.0 = Release|Any CPU
	EndGlobalSection
	GlobalSection(SolutionProperties) = preSolution
		HideSolutionNode = FALSE
	EndGlobalSection
	GlobalSection(ExtensibilityGlobals) = postSolution
		SolutionGuid = {E8D34AFF-8E1C-4850-9901-28BF2BA90648}
	EndGlobalSection
EndGlobal
