
Microsoft Visual Studio Solution File, Format Version 12.00
# Visual Studio Version 17
VisualStudioVersion = 17.5.33516.290
MinimumVisualStudioVersion = 10.0.40219.1
Project("{FAE04EC0-301F-11D3-BF4B-00C04F79EFBC}") = "ASPMVC.WebService", "ASPMVC.WebService\ASPMVC.WebService.csproj", "{0826A16F-67BC-4994-80D8-BC8CE4C68F60}"
EndProject
Global
	GlobalSection(SolutionConfigurationPlatforms) = preSolution
		Debug|Any CPU = Debug|Any CPU
		Release|Any CPU = Release|Any CPU
	EndGlobalSection
	GlobalSection(ProjectConfigurationPlatforms) = postSolution
		{0826A16F-67BC-4994-80D8-BC8CE4C68F60}.Debug|Any CPU.ActiveCfg = Debug|Any CPU
		{0826A16F-67BC-4994-80D8-BC8CE4C68F60}.Debug|Any CPU.Build.0 = Debug|Any CPU
		{0826A16F-67BC-4994-80D8-BC8CE4C68F60}.Release|Any CPU.ActiveCfg = Release|Any CPU
		{0826A16F-67BC-4994-80D8-BC8CE4C68F60}.Release|Any CPU.Build.0 = Release|Any CPU
	EndGlobalSection
	GlobalSection(SolutionProperties) = preSolution
		HideSolutionNode = FALSE
	EndGlobalSection
	GlobalSection(ExtensibilityGlobals) = postSolution
		SolutionGuid = {0F659AF3-E3E0-46C6-A586-8D41B97B2EF0}
	EndGlobalSection
EndGlobal
