
Microsoft Visual Studio Solution File, Format Version 12.00
# Visual Studio Version 17
VisualStudioVersion = 17.5.33516.290
MinimumVisualStudioVersion = 10.0.40219.1
Project("{FAE04EC0-301F-11D3-BF4B-00C04F79EFBC}") = "CyborgApp", "CyborgApp\CyborgApp.csproj", "{6FCAE11B-456C-4447-A6C4-E915D42EEDBB}"
EndProject
Global
	GlobalSection(SolutionConfigurationPlatforms) = preSolution
		Debug|Any CPU = Debug|Any CPU
		Release|Any CPU = Release|Any CPU
	EndGlobalSection
	GlobalSection(ProjectConfigurationPlatforms) = postSolution
		{6FCAE11B-456C-4447-A6C4-E915D42EEDBB}.Debug|Any CPU.ActiveCfg = Debug|Any CPU
		{6FCAE11B-456C-4447-A6C4-E915D42EEDBB}.Debug|Any CPU.Build.0 = Debug|Any CPU
		{6FCAE11B-456C-4447-A6C4-E915D42EEDBB}.Release|Any CPU.ActiveCfg = Release|Any CPU
		{6FCAE11B-456C-4447-A6C4-E915D42EEDBB}.Release|Any CPU.Build.0 = Release|Any CPU
	EndGlobalSection
	GlobalSection(SolutionProperties) = preSolution
		HideSolutionNode = FALSE
	EndGlobalSection
	GlobalSection(ExtensibilityGlobals) = postSolution
		SolutionGuid = {57250D9F-1473-4846-A12A-8F1C2E8FB10C}
	EndGlobalSection
EndGlobal
